
Microsoft Visual Studio Solution File, Format Version 12.00
# Visual Studio Version 17
VisualStudioVersion = 17.0.31903.59
MinimumVisualStudioVersion = 10.0.40219.1
Project("{2150E333-8FDC-42A3-9474-1A3956D46DE8}") = "src", "src", "{827E0CD3-B72D-47B6-A68D-7590B98EB39B}"
EndProject
Project("{2150E333-8FDC-42A3-9474-1A3956D46DE8}") = "Api", "Api", "{81034408-37C8-1011-444E-4C15C2FADA8E}"
EndProject
Project("{FAE04EC0-301F-11D3-BF4B-00C04F79EFBC}") = "CareerAgent.Api", "src\Api\CareerAgent.Api.csproj", "{D9FFC6F5-922B-4868-BFFF-A74F40F6C152}"
EndProject
Project("{2150E333-8FDC-42A3-9474-1A3956D46DE8}") = "Shared", "Shared", "{C8E42992-5E42-0C2B-DBFE-AA848D06431C}"
EndProject
Project("{FAE04EC0-301F-11D3-BF4B-00C04F79EFBC}") = "CareerAgent.Shared", "src\Shared\CareerAgent.Shared.csproj", "{296C3A42-B9F1-471B-B2AD-2777CFA5B6AA}"
EndProject
Project("{2150E333-8FDC-42A3-9474-1A3956D46DE8}") = "tests", "tests", "{0AB3BF05-4346-4AA6-1389-037BE0695223}"
EndProject
Project("{2150E333-8FDC-42A3-9474-1A3956D46DE8}") = "Api.Tests", "Api.Tests", "{C7681E76-71D0-F6B3-CD73-27CBAEE59458}"
EndProject
Project("{FAE04EC0-301F-11D3-BF4B-00C04F79EFBC}") = "CareerAgent.Api.Tests", "tests\Api.Tests\CareerAgent.Api.Tests.csproj", "{57BA3295-3558-497D-BBA7-9189D04DBC73}"
EndProject
Global
	GlobalSection(SolutionConfigurationPlatforms) = preSolution
		Debug|Any CPU = Debug|Any CPU
		Debug|x64 = Debug|x64
		Debug|x86 = Debug|x86
		Release|Any CPU = Release|Any CPU
		Release|x64 = Release|x64
		Release|x86 = Release|x86
	EndGlobalSection
	GlobalSection(ProjectConfigurationPlatforms) = postSolution
		{D9FFC6F5-922B-4868-BFFF-A74F40F6C152}.Debug|Any CPU.ActiveCfg = Debug|Any CPU
		{D9FFC6F5-922B-4868-BFFF-A74F40F6C152}.Debug|Any CPU.Build.0 = Debug|Any CPU
		{D9FFC6F5-922B-4868-BFFF-A74F40F6C152}.Debug|x64.ActiveCfg = Debug|Any CPU
		{D9FFC6F5-922B-4868-BFFF-A74F40F6C152}.Debug|x64.Build.0 = Debug|Any CPU
		{D9FFC6F5-922B-4868-BFFF-A74F40F6C152}.Debug|x86.ActiveCfg = Debug|Any CPU
		{D9FFC6F5-922B-4868-BFFF-A74F40F6C152}.Debug|x86.Build.0 = Debug|Any CPU
		{D9FFC6F5-922B-4868-BFFF-A74F40F6C152}.Release|Any CPU.ActiveCfg = Release|Any CPU
		{D9FFC6F5-922B-4868-BFFF-A74F40F6C152}.Release|Any CPU.Build.0 = Release|Any CPU
		{D9FFC6F5-922B-4868-BFFF-A74F40F6C152}.Release|x64.ActiveCfg = Release|Any CPU
		{D9FFC6F5-922B-4868-BFFF-A74F40F6C152}.Release|x64.Build.0 = Release|Any CPU
		{D9FFC6F5-922B-4868-BFFF-A74F40F6C152}.Release|x86.ActiveCfg = Release|Any CPU
		{D9FFC6F5-922B-4868-BFFF-A74F40F6C152}.Release|x86.Build.0 = Release|Any CPU
		{296C3A42-B9F1-471B-B2AD-2777CFA5B6AA}.Debug|Any CPU.ActiveCfg = Debug|Any CPU
		{296C3A42-B9F1-471B-B2AD-2777CFA5B6AA}.Debug|Any CPU.Build.0 = Debug|Any CPU
		{296C3A42-B9F1-471B-B2AD-2777CFA5B6AA}.Debug|x64.ActiveCfg = Debug|Any CPU
		{296C3A42-B9F1-471B-B2AD-2777CFA5B6AA}.Debug|x64.Build.0 = Debug|Any CPU
		{296C3A42-B9F1-471B-B2AD-2777CFA5B6AA}.Debug|x86.ActiveCfg = Debug|Any CPU
		{296C3A42-B9F1-471B-B2AD-2777CFA5B6AA}.Debug|x86.Build.0 = Debug|Any CPU
		{296C3A42-B9F1-471B-B2AD-2777CFA5B6AA}.Release|Any CPU.ActiveCfg = Release|Any CPU
		{296C3A42-B9F1-471B-B2AD-2777CFA5B6AA}.Release|Any CPU.Build.0 = Release|Any CPU
		{296C3A42-B9F1-471B-B2AD-2777CFA5B6AA}.Release|x64.ActiveCfg = Release|Any CPU
		{296C3A42-B9F1-471B-B2AD-2777CFA5B6AA}.Release|x64.Build.0 = Release|Any CPU
		{296C3A42-B9F1-471B-B2AD-2777CFA5B6AA}.Release|x86.ActiveCfg = Release|Any CPU
		{296C3A42-B9F1-471B-B2AD-2777CFA5B6AA}.Release|x86.Build.0 = Release|Any CPU
		{57BA3295-3558-497D-BBA7-9189D04DBC73}.Debug|Any CPU.ActiveCfg = Debug|Any CPU
		{57BA3295-3558-497D-BBA7-9189D04DBC73}.Debug|Any CPU.Build.0 = Debug|Any CPU
		{57BA3295-3558-497D-BBA7-9189D04DBC73}.Debug|x64.ActiveCfg = Debug|Any CPU
		{57BA3295-3558-497D-BBA7-9189D04DBC73}.Debug|x64.Build.0 = Debug|Any CPU
		{57BA3295-3558-497D-BBA7-9189D04DBC73}.Debug|x86.ActiveCfg = Debug|Any CPU
		{57BA3295-3558-497D-BBA7-9189D04DBC73}.Debug|x86.Build.0 = Debug|Any CPU
		{57BA3295-3558-497D-BBA7-9189D04DBC73}.Release|Any CPU.ActiveCfg = Release|Any CPU
		{57BA3295-3558-497D-BBA7-9189D04DBC73}.Release|Any CPU.Build.0 = Release|Any CPU
		{57BA3295-3558-497D-BBA7-9189D04DBC73}.Release|x64.ActiveCfg = Release|Any CPU
		{57BA3295-3558-497D-BBA7-9189D04DBC73}.Release|x64.Build.0 = Release|Any CPU
		{57BA3295-3558-497D-BBA7-9189D04DBC73}.Release|x86.ActiveCfg = Release|Any CPU
		{57BA3295-3558-497D-BBA7-9189D04DBC73}.Release|x86.Build.0 = Release|Any CPU
	EndGlobalSection
	GlobalSection(SolutionProperties) = preSolution
		HideSolutionNode = FALSE
	EndGlobalSection
	GlobalSection(NestedProjects) = preSolution
		{81034408-37C8-1011-444E-4C15C2FADA8E} = {827E0CD3-B72D-47B6-A68D-7590B98EB39B}
		{D9FFC6F5-922B-4868-BFFF-A74F40F6C152} = {81034408-37C8-1011-444E-4C15C2FADA8E}
		{C8E42992-5E42-0C2B-DBFE-AA848D06431C} = {827E0CD3-B72D-47B6-A68D-7590B98EB39B}
		{296C3A42-B9F1-471B-B2AD-2777CFA5B6AA} = {C8E42992-5E42-0C2B-DBFE-AA848D06431C}
		{C7681E76-71D0-F6B3-CD73-27CBAEE59458} = {0AB3BF05-4346-4AA6-1389-037BE0695223}
		{57BA3295-3558-497D-BBA7-9189D04DBC73} = {C7681E76-71D0-F6B3-CD73-27CBAEE59458}
	EndGlobalSection
EndGlobal
